
Microsoft Visual Studio Solution File, Format Version 12.00
# Visual Studio 14
VisualStudioVersion = 14.0.23107.0
MinimumVisualStudioVersion = 10.0.40219.1
Project("{FAE04EC0-301F-11D3-BF4B-00C04F79EFBC}") = "DagoWebPortfolio", "DagoWebPortfolio\DagoWebPortfolio.csproj", "{1FF0A271-F5AD-4D15-8012-76553A9E1AAB}"
EndProject
Project("{FAE04EC0-301F-11D3-BF4B-00C04F79EFBC}") = "DagoWebPortfolio.Tests", "DagoWebPortfolio.Tests\DagoWebPortfolio.Tests.csproj", "{2DC1C945-9D45-49A7-A3E7-33A5E26FCB24}"
EndProject
Global
	GlobalSection(SolutionConfigurationPlatforms) = preSolution
		Debug|Any CPU = Debug|Any CPU
		Release|Any CPU = Release|Any CPU
	EndGlobalSection
	GlobalSection(ProjectConfigurationPlatforms) = postSolution
		{1FF0A271-F5AD-4D15-8012-76553A9E1AAB}.Debug|Any CPU.ActiveCfg = Debug|Any CPU
		{1FF0A271-F5AD-4D15-8012-76553A9E1AAB}.Debug|Any CPU.Build.0 = Debug|Any CPU
		{1FF0A271-F5AD-4D15-8012-76553A9E1AAB}.Release|Any CPU.ActiveCfg = Release|Any CPU
		{1FF0A271-F5AD-4D15-8012-76553A9E1AAB}.Release|Any CPU.Build.0 = Release|Any CPU
		{2DC1C945-9D45-49A7-A3E7-33A5E26FCB24}.Debug|Any CPU.ActiveCfg = Debug|Any CPU
		{2DC1C945-9D45-49A7-A3E7-33A5E26FCB24}.Debug|Any CPU.Build.0 = Debug|Any CPU
		{2DC1C945-9D45-49A7-A3E7-33A5E26FCB24}.Release|Any CPU.ActiveCfg = Release|Any CPU
		{2DC1C945-9D45-49A7-A3E7-33A5E26FCB24}.Release|Any CPU.Build.0 = Release|Any CPU
	EndGlobalSection
	GlobalSection(SolutionProperties) = preSolution
		HideSolutionNode = FALSE
	EndGlobalSection
EndGlobal
